
Microsoft Visual Studio Solution File, Format Version 12.00
# Visual Studio 15
VisualStudioVersion = 15.0.27428.2011
MinimumVisualStudioVersion = 10.0.40219.1
Project("{FAE04EC0-301F-11D3-BF4B-00C04F79EFBC}") = "GocdTray.App", "GocdTray.App\GocdTray.App.csproj", "{D60E24F0-FC47-4490-ACD6-3157C26AFF39}"
	ProjectSection(ProjectDependencies) = postProject
		{EC9652C9-AEEC-48EA-BD5D-F00E3C80EABB} = {EC9652C9-AEEC-48EA-BD5D-F00E3C80EABB}
	EndProjectSection
EndProject
Project("{FAE04EC0-301F-11D3-BF4B-00C04F79EFBC}") = "GocdTray.Ui", "GocdTray.Ui\GocdTray.Ui.csproj", "{EC9652C9-AEEC-48EA-BD5D-F00E3C80EABB}"
EndProject
Project("{2150E333-8FDC-42A3-9474-1A3956D46DE8}") = "Root", "Root", "{C826096A-9756-445D-8FE9-0E955D17C0FE}"
	ProjectSection(SolutionItems) = preProject
		AssemblyInfo.common.cs = AssemblyInfo.common.cs
		README.md = README.md
	EndProjectSection
EndProject
Project("{FAE04EC0-301F-11D3-BF4B-00C04F79EFBC}") = "GocdTray.Test", "GocdTray.Test\GocdTray.Test.csproj", "{B242B11F-C43E-44E0-9B6A-87D430215B45}"
EndProject
Project("{FAE04EC0-301F-11D3-BF4B-00C04F79EFBC}") = "GocdTray.Rest", "GocdTray.Rest\GocdTray.Rest.csproj", "{6DD649F1-CA3D-4DBA-AF7D-E5789CDE176F}"
EndProject
Project("{FAE04EC0-301F-11D3-BF4B-00C04F79EFBC}") = "GocdTray.App.Abstractions", "GocdTray.App.Abstractions\GocdTray.App.Abstractions.csproj", "{4CBA91D2-E815-4C0D-9D84-AA0D1CE419D2}"
EndProject
Project("{2150E333-8FDC-42A3-9474-1A3956D46DE8}") = "Images", "Images", "{F6A50094-7991-49F4-8F7A-5EB95084D5A9}"
	ProjectSection(SolutionItems) = preProject
		Images\pipeline-view.png = Images\pipeline-view.png
	EndProjectSection
EndProject
Global
	GlobalSection(SolutionConfigurationPlatforms) = preSolution
		Debug|Any CPU = Debug|Any CPU
		Release|Any CPU = Release|Any CPU
	EndGlobalSection
	GlobalSection(ProjectConfigurationPlatforms) = postSolution
		{D60E24F0-FC47-4490-ACD6-3157C26AFF39}.Debug|Any CPU.ActiveCfg = Debug|Any CPU
		{D60E24F0-FC47-4490-ACD6-3157C26AFF39}.Debug|Any CPU.Build.0 = Debug|Any CPU
		{D60E24F0-FC47-4490-ACD6-3157C26AFF39}.Release|Any CPU.ActiveCfg = Release|Any CPU
		{D60E24F0-FC47-4490-ACD6-3157C26AFF39}.Release|Any CPU.Build.0 = Release|Any CPU
		{EC9652C9-AEEC-48EA-BD5D-F00E3C80EABB}.Debug|Any CPU.ActiveCfg = Debug|Any CPU
		{EC9652C9-AEEC-48EA-BD5D-F00E3C80EABB}.Debug|Any CPU.Build.0 = Debug|Any CPU
		{EC9652C9-AEEC-48EA-BD5D-F00E3C80EABB}.Release|Any CPU.ActiveCfg = Release|Any CPU
		{EC9652C9-AEEC-48EA-BD5D-F00E3C80EABB}.Release|Any CPU.Build.0 = Release|Any CPU
		{B242B11F-C43E-44E0-9B6A-87D430215B45}.Debug|Any CPU.ActiveCfg = Debug|Any CPU
		{B242B11F-C43E-44E0-9B6A-87D430215B45}.Debug|Any CPU.Build.0 = Debug|Any CPU
		{B242B11F-C43E-44E0-9B6A-87D430215B45}.Release|Any CPU.ActiveCfg = Release|Any CPU
		{B242B11F-C43E-44E0-9B6A-87D430215B45}.Release|Any CPU.Build.0 = Release|Any CPU
		{6DD649F1-CA3D-4DBA-AF7D-E5789CDE176F}.Debug|Any CPU.ActiveCfg = Debug|Any CPU
		{6DD649F1-CA3D-4DBA-AF7D-E5789CDE176F}.Debug|Any CPU.Build.0 = Debug|Any CPU
		{6DD649F1-CA3D-4DBA-AF7D-E5789CDE176F}.Release|Any CPU.ActiveCfg = Release|Any CPU
		{6DD649F1-CA3D-4DBA-AF7D-E5789CDE176F}.Release|Any CPU.Build.0 = Release|Any CPU
		{4CBA91D2-E815-4C0D-9D84-AA0D1CE419D2}.Debug|Any CPU.ActiveCfg = Debug|Any CPU
		{4CBA91D2-E815-4C0D-9D84-AA0D1CE419D2}.Debug|Any CPU.Build.0 = Debug|Any CPU
		{4CBA91D2-E815-4C0D-9D84-AA0D1CE419D2}.Release|Any CPU.ActiveCfg = Release|Any CPU
		{4CBA91D2-E815-4C0D-9D84-AA0D1CE419D2}.Release|Any CPU.Build.0 = Release|Any CPU
	EndGlobalSection
	GlobalSection(SolutionProperties) = preSolution
		HideSolutionNode = FALSE
	EndGlobalSection
	GlobalSection(ExtensibilityGlobals) = postSolution
		SolutionGuid = {32F93AAD-A1E4-470A-84EE-596225C72FE4}
	EndGlobalSection
EndGlobal
